
Microsoft Visual Studio Solution File, Format Version 12.00
# Visual Studio Version 16
VisualStudioVersion = 16.0.32802.440
MinimumVisualStudioVersion = 10.0.40219.1
Project("{FAE04EC0-301F-11D3-BF4B-00C04F79EFBC}") = "AppLuizaAdvance.Android", "AppLuizaAdvance\AppLuizaAdvance.Android\AppLuizaAdvance.Android.csproj", "{5616F4A3-F3C9-4B96-8130-8CE9E37AA092}"
EndProject
Project("{FAE04EC0-301F-11D3-BF4B-00C04F79EFBC}") = "AppLuizaAdvance", "AppLuizaAdvance\AppLuizaAdvance\AppLuizaAdvance.csproj", "{DEDC3126-08AE-4340-91FE-51CC7818EB8E}"
EndProject
Global
	GlobalSection(SolutionConfigurationPlatforms) = preSolution
		Debug|Any CPU = Debug|Any CPU
		Release|Any CPU = Release|Any CPU
	EndGlobalSection
	GlobalSection(ProjectConfigurationPlatforms) = postSolution
		{5616F4A3-F3C9-4B96-8130-8CE9E37AA092}.Debug|Any CPU.ActiveCfg = Debug|Any CPU
		{5616F4A3-F3C9-4B96-8130-8CE9E37AA092}.Debug|Any CPU.Build.0 = Debug|Any CPU
		{5616F4A3-F3C9-4B96-8130-8CE9E37AA092}.Debug|Any CPU.Deploy.0 = Debug|Any CPU
		{5616F4A3-F3C9-4B96-8130-8CE9E37AA092}.Release|Any CPU.ActiveCfg = Release|Any CPU
		{5616F4A3-F3C9-4B96-8130-8CE9E37AA092}.Release|Any CPU.Build.0 = Release|Any CPU
		{5616F4A3-F3C9-4B96-8130-8CE9E37AA092}.Release|Any CPU.Deploy.0 = Release|Any CPU
		{DEDC3126-08AE-4340-91FE-51CC7818EB8E}.Debug|Any CPU.ActiveCfg = Debug|Any CPU
		{DEDC3126-08AE-4340-91FE-51CC7818EB8E}.Debug|Any CPU.Build.0 = Debug|Any CPU
		{DEDC3126-08AE-4340-91FE-51CC7818EB8E}.Debug|Any CPU.Deploy.0 = Debug|Any CPU
		{DEDC3126-08AE-4340-91FE-51CC7818EB8E}.Release|Any CPU.ActiveCfg = Release|Any CPU
		{DEDC3126-08AE-4340-91FE-51CC7818EB8E}.Release|Any CPU.Build.0 = Release|Any CPU
		{DEDC3126-08AE-4340-91FE-51CC7818EB8E}.Release|Any CPU.Deploy.0 = Release|Any CPU
	EndGlobalSection
	GlobalSection(SolutionProperties) = preSolution
		HideSolutionNode = FALSE
	EndGlobalSection
	GlobalSection(ExtensibilityGlobals) = postSolution
		SolutionGuid = {924E971B-B6CF-4CE2-AEFD-31F41B2E7875}
	EndGlobalSection
EndGlobal
